{
  "version": "3",
  "packages": {
    "specifiers": {
      "jsr:@std/assert": "jsr:@std/assert@1.0.2",
      "jsr:@std/fmt@0.225.1": "jsr:@std/fmt@0.225.1",
      "jsr:@std/internal@^1.0.1": "jsr:@std/internal@1.0.1",
      "jsr:@std/io@0.224.0": "jsr:@std/io@0.224.0",
      "npm:@types/node": "npm:@types/node@18.16.19",
      "npm:telegraf": "npm:telegraf@4.16.3"
    },
    "jsr": {
      "@std/assert@1.0.2": {
        "integrity": "ccacec332958126deaceb5c63ff8b4eaf9f5ed0eac9feccf124110435e59e49c",
        "dependencies": [
          "jsr:@std/internal@^1.0.1"
        ]
      },
      "@std/fmt@0.225.1": {
        "integrity": "44a8cb375d7344adb3cb0208b85ea0bde7cdc15224c11188c85e733834ffe356"
      },
      "@std/internal@1.0.1": {
        "integrity": "6f8c7544d06a11dd256c8d6ba54b11ed870aac6c5aeafff499892662c57673e6"
      },
      "@std/io@0.224.0": {
        "integrity": "0aff885d21d829c050b8a08b1d71b54aed5841aecf227f8d77e99ec529a11e8e"
      }
    },
    "npm": {
      "@telegraf/types@7.1.0": {
        "integrity": "sha512-kGevOIbpMcIlCDeorKGpwZmdH7kHbqlk/Yj6dEpJMKEQw5lk0KVQY0OLXaCswy8GqlIVLd5625OB+rAntP9xVw==",
        "dependencies": {}
      },
      "@types/node@18.16.19": {
        "integrity": "sha512-IXl7o+R9iti9eBW4Wg2hx1xQDig183jj7YLn8F7udNceyfkbn1ZxmzZXuak20gR40D7pIkIY1kYGx5VIGbaHKA==",
        "dependencies": {}
      },
      "abort-controller@3.0.0": {
        "integrity": "sha512-h8lQ8tacZYnR3vNQTgibj+tODHI5/+l06Au2Pcriv/Gmet0eaj4TwWH41sO9wnHDiQsEj19q0drzdWdeAHtweg==",
        "dependencies": {
          "event-target-shim": "event-target-shim@5.0.1"
        }
      },
      "buffer-alloc-unsafe@1.1.0": {
        "integrity": "sha512-TEM2iMIEQdJ2yjPJoSIsldnleVaAk1oW3DBVUykyOLsEsFmEc9kn+SFFPz+gl54KQNxlDnAwCXosOS9Okx2xAg==",
        "dependencies": {}
      },
      "buffer-alloc@1.2.0": {
        "integrity": "sha512-CFsHQgjtW1UChdXgbyJGtnm+O/uLQeZdtbDo8mfUgYXCHSM1wgrVxXm6bSyrUuErEb+4sYVGCzASBRot7zyrow==",
        "dependencies": {
          "buffer-alloc-unsafe": "buffer-alloc-unsafe@1.1.0",
          "buffer-fill": "buffer-fill@1.0.0"
        }
      },
      "buffer-fill@1.0.0": {
        "integrity": "sha512-T7zexNBwiiaCOGDg9xNX9PBmjrubblRkENuptryuI64URkXDFum9il/JGL8Lm8wYfAXpredVXXZz7eMHilimiQ==",
        "dependencies": {}
      },
      "debug@4.3.6": {
        "integrity": "sha512-O/09Bd4Z1fBrU4VzkhFqVgpPzaGbw6Sm9FEkBT1A/YBXQFGuuSxa1dN2nxgxS34JmKXqYx8CZAwEVoJFImUXIg==",
        "dependencies": {
          "ms": "ms@2.1.2"
        }
      },
      "event-target-shim@5.0.1": {
        "integrity": "sha512-i/2XbnSz/uxRCU6+NdVJgKWDTM427+MqYbkQzD321DuCQJUqOuJKIA0IM2+W2xtYHdKOmZ4dR6fExsd4SXL+WQ==",
        "dependencies": {}
      },
      "mri@1.2.0": {
        "integrity": "sha512-tzzskb3bG8LvYGFF/mDTpq3jpI6Q9wc3LEmBaghu+DdCssd1FakN7Bc0hVNmEyGq1bq3RgfkCb3cmQLpNPOroA==",
        "dependencies": {}
      },
      "ms@2.1.2": {
        "integrity": "sha512-sGkPx+VjMtmA6MX27oA4FBFELFCZZ4S4XqeGOXCv68tT+jb3vk/RyaKWP0PTKyWtmLSM0b+adUTEvbs1PEaH2w==",
        "dependencies": {}
      },
      "node-fetch@2.7.0": {
        "integrity": "sha512-c4FRfUm/dbcWZ7U+1Wq0AwCyFL+3nt2bEw05wfxSz+DWpWsitgmSgYmy2dQdWyKC1694ELPqMs/YzUSNozLt8A==",
        "dependencies": {
          "whatwg-url": "whatwg-url@5.0.0"
        }
      },
      "p-timeout@4.1.0": {
        "integrity": "sha512-+/wmHtzJuWii1sXn3HCuH/FTwGhrp4tmJTxSKJbfS+vkipci6osxXM5mY0jUiRzWKMTgUT8l7HFbeSwZAynqHw==",
        "dependencies": {}
      },
      "safe-compare@1.1.4": {
        "integrity": "sha512-b9wZ986HHCo/HbKrRpBJb2kqXMK9CEWIE1egeEvZsYn69ay3kdfl9nG3RyOcR+jInTDf7a86WQ1d4VJX7goSSQ==",
        "dependencies": {
          "buffer-alloc": "buffer-alloc@1.2.0"
        }
      },
      "sandwich-stream@2.0.2": {
        "integrity": "sha512-jLYV0DORrzY3xaz/S9ydJL6Iz7essZeAfnAavsJ+zsJGZ1MOnsS52yRjU3uF3pJa/lla7+wisp//fxOwOH8SKQ==",
        "dependencies": {}
      },
      "telegraf@4.16.3": {
        "integrity": "sha512-yjEu2NwkHlXu0OARWoNhJlIjX09dRktiMQFsM678BAH/PEPVwctzL67+tvXqLCRQQvm3SDtki2saGO9hLlz68w==",
        "dependencies": {
          "@telegraf/types": "@telegraf/types@7.1.0",
          "abort-controller": "abort-controller@3.0.0",
          "debug": "debug@4.3.6",
          "mri": "mri@1.2.0",
          "node-fetch": "node-fetch@2.7.0",
          "p-timeout": "p-timeout@4.1.0",
          "safe-compare": "safe-compare@1.1.4",
          "sandwich-stream": "sandwich-stream@2.0.2"
        }
      },
      "tr46@0.0.3": {
        "integrity": "sha512-N3WMsuqV66lT30CrXNbEjx4GEwlow3v6rr4mCcv6prnfwhS01rkgyFdjPNBYd9br7LpXV1+Emh01fHnq2Gdgrw==",
        "dependencies": {}
      },
      "webidl-conversions@3.0.1": {
        "integrity": "sha512-2JAn3z8AR6rjK8Sm8orRC0h/bcl/DqL7tRPdGZ4I1CjdF+EaMLmYxBHyXuKL849eucPFhvBoxMsflfOb8kxaeQ==",
        "dependencies": {}
      },
      "whatwg-url@5.0.0": {
        "integrity": "sha512-saE57nupxk6v3HY35+jzBwYa0rKSy0XR8JSxZPwgLr7ys0IBzhGviA1/TUGJLmSVqs8pb9AnvICXEuOHLprYTw==",
        "dependencies": {
          "tr46": "tr46@0.0.3",
          "webidl-conversions": "webidl-conversions@3.0.1"
        }
      }
    }
  },
  "remote": {
    "https://deno.land/x/logger@v1.1.6/date.ts": "e0e2246350afbbad09a40fb0755c0820e52154a0e576719f685fe9a0103d29f3",
    "https://deno.land/x/logger@v1.1.6/deps.ts": "85ac81fd5e6738541dee3fddf0a7ff7f1ca943822c6ef9e212bbea2baee92c67",
    "https://deno.land/x/logger@v1.1.6/eol.ts": "8da67b2cb62c1cee6920e88797f1d9f647425df7f4decafc4dd3775e29d0125d",
    "https://deno.land/x/logger@v1.1.6/fs.ts": "36fdfc2b162a586e7b829b42244f7a54513d75e9a382e12f1379a7aad8446d18",
    "https://deno.land/x/logger@v1.1.6/interface.ts": "9f8cf829271816b5b842aa89ce44adefdf35619c6c8e62c36fd2e6fe458948b3",
    "https://deno.land/x/logger@v1.1.6/logger.ts": "5b12605357c35f7c29f56d62cf685a6f1ba40a1f4311b3543654666860cee7a8",
    "https://deno.land/x/logger@v1.1.6/stdout.ts": "28ff623094e1719d86a093c589558fba095caba4f30832493d07e82ea2d4ae59",
    "https://deno.land/x/logger@v1.1.6/types.ts": "7769b3a4059d25090a55079ee1ef77ff76adbcab22d017fe0a8a4a96e1eac8a0",
    "https://deno.land/x/logger@v1.1.6/writable.ts": "fe7be1f590d01c9ed92f46120c847b8bcf7b19799ae139b8c5a42875952653e7",
    "https://deno.land/x/logger@v1.1.6/writer.ts": "414a938e50a69fbd248e3247774f32e546bf0e80ff6e99c2d8aa70dcda97d2e3"
  }
}
